{
  "pins" : [
    {
      "identity" : "cutility",
      "kind" : "remoteSourceControl",
      "location" : "https://github.com/kojirou1994/CUtility.git",
      "state" : {
        "revision" : "acd35be02969988c627a995681350e7d7507a6a1",
        "version" : "0.2.0"
      }
    },
    {
      "identity" : "kwift",
      "kind" : "remoteSourceControl",
      "location" : "https://github.com/kojirou1994/Kwift.git",
      "state" : {
        "revision" : "9261a1508b935fe574c2aff29ffc4bbca7a034e8",
        "version" : "1.0.1"
      }
    },
    {
      "identity" : "precondition",
      "kind" : "remoteSourceControl",
      "location" : "https://github.com/kojirou1994/Precondition.git",
      "state" : {
        "revision" : "8bfd454560f5bfafe9bf0db3e929ef65ba189400",
        "version" : "1.0.0"
      }
    },
    {
      "identity" : "swift-argument-parser",
      "kind" : "remoteSourceControl",
      "location" : "https://github.com/apple/swift-argument-parser.git",
      "state" : {
        "revision" : "fddd1c00396eed152c45a46bea9f47b98e59301d",
        "version" : "1.2.0"
      }
    },
    {
      "identity" : "yyjson",
      "kind" : "remoteSourceControl",
      "location" : "https://github.com/ibireme/yyjson.git",
      "state" : {
        "revision" : "7b210d66cb73536f351e8a82a63508bc77bffd20",
        "version" : "0.6.0"
      }
    },
    {
      "identity" : "yyjsonencoder",
      "kind" : "remoteSourceControl",
      "location" : "https://github.com/kojirou1994/YYJSONEncoder.git",
      "state" : {
        "revision" : "7be0fcc0a39bc91fe11efb7ff54a1909e673e704",
        "version" : "0.1.1"
      }
    }
  ],
  "version" : 2
}
